
Microsoft Visual Studio Solution File, Format Version 12.00
# Visual Studio Version 17
VisualStudioVersion = 17.5.002.0
MinimumVisualStudioVersion = 10.0.40219.1
Project("{9A19103F-16F7-4668-BE54-9A1E7A4F7556}") = "RecibosNominaCGA", "RecibosNominaCGA.csproj", "{6F3ACB5C-DD23-4DEC-ABDB-476A6E80FFF3}"
EndProject
Global
	GlobalSection(SolutionConfigurationPlatforms) = preSolution
		Debug|Any CPU = Debug|Any CPU
		Release|Any CPU = Release|Any CPU
	EndGlobalSection
	GlobalSection(ProjectConfigurationPlatforms) = postSolution
		{6F3ACB5C-DD23-4DEC-ABDB-476A6E80FFF3}.Debug|Any CPU.ActiveCfg = Debug|Any CPU
		{6F3ACB5C-DD23-4DEC-ABDB-476A6E80FFF3}.Debug|Any CPU.Build.0 = Debug|Any CPU
		{6F3ACB5C-DD23-4DEC-ABDB-476A6E80FFF3}.Release|Any CPU.ActiveCfg = Release|Any CPU
		{6F3ACB5C-DD23-4DEC-ABDB-476A6E80FFF3}.Release|Any CPU.Build.0 = Release|Any CPU
	EndGlobalSection
	GlobalSection(SolutionProperties) = preSolution
		HideSolutionNode = FALSE
	EndGlobalSection
	GlobalSection(ExtensibilityGlobals) = postSolution
		SolutionGuid = {A407AED6-AC2B-4D61-BCBB-ED6609E18C81}
	EndGlobalSection
EndGlobal
